PODS:
  - Firebase/Auth (5.18.0):
    - Firebase/CoreOnly
    - FirebaseAuth (= 5.4.0)
  - Firebase/CoreOnly (5.18.0):
    - FirebaseCore (= 5.3.1)
  - Firebase/Database (5.18.0):
    - Firebase/CoreOnly
    - FirebaseDatabase (= 5.1.0)
  - Firebase/Storage (5.18.0):
    - Firebase/CoreOnly
    - FirebaseStorage (= 3.1.0)
  - FirebaseAuth (5.4.0):
    - FirebaseAuthInterop (~> 1.0)
    - FirebaseCore (~> 5.2)
    - GoogleUtilities/Environment (~> 5.2)
    - GTMSessionFetcher/Core (~> 1.1)
  - FirebaseAuthInterop (1.0.0)
  - FirebaseCore (5.3.1):
    - GoogleUtilities/Logger (~> 5.2)
  - FirebaseDatabase (5.1.0):
    - FirebaseAuthInterop (~> 1.0)
    - FirebaseCore (~> 5.2)
    - leveldb-library (~> 1.18)
  - FirebaseStorage (3.1.0):
    - FirebaseAuthInterop (~> 1.0)
    - FirebaseCore (~> 5.2)
    - GTMSessionFetcher/Core (~> 1.1)
  - GoogleUtilities/Environment (5.3.7)
  - GoogleUtilities/Logger (5.3.7):
    - GoogleUtilities/Environment
  - GTMSessionFetcher/Core (1.2.1)
  - leveldb-library (1.20)

DEPENDENCIES:
  - Firebase/Auth
  - Firebase/Database
  - Firebase/Storage

SPEC REPOS:
  https://github.com/cocoapods/specs.git:
    - Firebase
    - FirebaseAuth
    - FirebaseAuthInterop
    - FirebaseCore
    - FirebaseDatabase
    - FirebaseStorage
    - GoogleUtilities
    - GTMSessionFetcher
    - leveldb-library

SPEC CHECKSUMS:
  Firebase: 02f3281965c075426141a0ce1277e9de6649cab9
  FirebaseAuth: d85d052354447f30b4b2a805ab91b511458b56a6
  FirebaseAuthInterop: 0ffa57668be100582bb7643d4fcb7615496c41fc
  FirebaseCore: 52f851b30e11360f1e67cf04b1edfebf0a47a2d3
  FirebaseDatabase: 23acb0c53cd4d4070a427b60100b2e4aaa97c45d
  FirebaseStorage: 29075f874c2b3cf61e5221a62c4ceefc809e5412
  GoogleUtilities: 111a012f4c3a29c9e7c954c082fafd6ee3c999c0
  GTMSessionFetcher: 32aeca0aa144acea523e1c8e053089dec2cb98ca
  leveldb-library: 08cba283675b7ed2d99629a4bc5fd052cd2bb6a5

PODFILE CHECKSUM: 7d694cbc340f7b56e9ca2385712f597982a73065

COCOAPODS: 1.7.0.beta.2
